dependencies:
  espressif/esp-dsp:
    component_hash: 12e44db246517a627bc0fe2b255b8335410c0215c98bfba2df5a8e3edea839ef
    dependencies:
    - name: idf
      require: private
      version: '>=4.2'
    source:
      registry_url: https://components.espressif.com/
      type: service
    version: 1.8.0
  espressif/esp-nn:
    component_hash: e98a7dd3dfde460b1b4ca982e2ebae0b4831719a8e4659d19c145943deaf682b
    dependencies:
    - name: idf
      require: private
      version: '>=4.2'
    source:
      registry_url: https://components.espressif.com
      type: service
    version: 1.2.3
  espressif/esp-tflite-micro:
    component_hash: 57aa3889d3c7b7a513f716c2cb8707476a5bf42971d63a6f6d38a5616d862e57
    dependencies:
    - name: espressif/esp-nn
      registry_url: https://components.espressif.com
      require: private
      version: '>=1.1.1'
    - name: idf
      require: private
      version: '>=5.0'
    source:
      registry_url: https://components.espressif.com/
      type: service
    version: 1.3.5
  idf:
    source:
      type: idf
    version: 6.0.1
direct_dependencies:
- espressif/esp-dsp
- espressif/esp-tflite-micro
manifest_hash: f6329b7761ed054d77aea73f49c8b365f40949cc1d9ce5c49b45bd1a83275350
target: esp32
version: 3.0.0
